// !$*UTF8*$!
{
	archiveVersion = 1;
	classes = {
	};
	objectVersion = 46;
	objects = {

/* Begin PBXBuildFile section */
		006D720419952D00008149E2 /* AVFoundation.framework in Frameworks */ = {isa = PBXBuildFile; fileRef = 006D720219952D00008149E2 /* AVFoundation.framework */; };
		006D720519952D00008149E2 /* CoreMedia.framework in Frameworks */ = {isa = PBXBuildFile; fileRef = 006D720319952D00008149E2 /* CoreMedia.framework */; };
		0091D8F90E81B9330029341E /* OpenGL.framework in Frameworks */ = {isa = PBXBuildFile; fileRef = 0091D8F80E81B9330029341E /* OpenGL.framework */; };
		00B784B30FF439BC000DE1D7 /* Accelerate.framework in Frameworks */ = {isa = PBXBuildFile; fileRef = 00B784AF0FF439BC000DE1D7 /* Accelerate.framework */; };
		00B784B40FF439BC000DE1D7 /* AudioToolbox.framework in Frameworks */ = {isa = PBXBuildFile; fileRef = 00B784B00FF439BC000DE1D7 /* AudioToolbox.framework */; };
		00B784B50FF439BC000DE1D7 /* AudioUnit.framework in Frameworks */ = {isa = PBXBuildFile; fileRef = 00B784B10FF439BC000DE1D7 /* AudioUnit.framework */; };
		00B784B60FF439BC000DE1D7 /* CoreAudio.framework in Frameworks */ = {isa = PBXBuildFile; fileRef = 00B784B20FF439BC000DE1D7 /* CoreAudio.framework */; };
		00B9955A1B128DF400A5C623 /* IOKit.framework in Frameworks */ = {isa = PBXBuildFile; fileRef = 00B995581B128DF400A5C623 /* IOKit.framework */; };
		00B9955B1B128DF400A5C623 /* IOSurface.framework in Frameworks */ = {isa = PBXBuildFile; fileRef = 00B995591B128DF400A5C623 /* IOSurface.framework */; };
		4F77712B1B36956200FE5230 /* CounterScript1.lua in Resources */ = {isa = PBXBuildFile; fileRef = 4F7771291B36956200FE5230 /* CounterScript1.lua */; };
		4F77712C1B36956200FE5230 /* CounterScript2.lua in Resources */ = {isa = PBXBuildFile; fileRef = 4F77712A1B36956200FE5230 /* CounterScript2.lua */; };
		4FDE8D111BAF0B3200A282E7 /* CinderLuabind.cpp in Sources */ = {isa = PBXBuildFile; fileRef = 4FDE8D0F1BAF0B3200A282E7 /* CinderLuabind.cpp */; };
		5323E6B20EAFCA74003A9687 /* CoreVideo.framework in Frameworks */ = {isa = PBXBuildFile; fileRef = 5323E6B10EAFCA74003A9687 /* CoreVideo.framework */; };
		8D11072F0486CEB800E47090 /* Cocoa.framework in Frameworks */ = {isa = PBXBuildFile; fileRef = 1058C7A1FEA54F0111CA2CBB /* Cocoa.framework */; };
		95A3278B527D463D9601C51C /* ScriptApp.cpp in Sources */ = {isa = PBXBuildFile; fileRef = 8279CE5425E9461BB168DE50 /* ScriptApp.cpp */; };
		A268E4611B459EA000D86A48 /* require_test.lua in Resources */ = {isa = PBXBuildFile; fileRef = A268E4601B459EA000D86A48 /* require_test.lua */; };
		DA8415B9D5F84AA2834833F6 /* CinderApp.icns in Resources */ = {isa = PBXBuildFile; fileRef = D5A375E9797C42BFB8D3CD2A /* CinderApp.icns */; };
/* End PBXBuildFile section */

/* Begin PBXFileReference section */
		006D720219952D00008149E2 /* AVFoundation.framework */ = {isa = PBXFileReference; lastKnownFileType = wrapper.framework; name = AVFoundation.framework; path = System/Library/Frameworks/AVFoundation.framework; sourceTree = SDKROOT; };
		006D720319952D00008149E2 /* CoreMedia.framework */ = {isa = PBXFileReference; lastKnownFileType = wrapper.framework; name = CoreMedia.framework; path = System/Library/Frameworks/CoreMedia.framework; sourceTree = SDKROOT; };
		0091D8F80E81B9330029341E /* OpenGL.framework */ = {isa = PBXFileReference; lastKnownFileType = wrapper.framework; name = OpenGL.framework; path = /System/Library/Frameworks/OpenGL.framework; sourceTree = "<absolute>"; };
		00B784AF0FF439BC000DE1D7 /* Accelerate.framework */ = {isa = PBXFileReference; lastKnownFileType = wrapper.framework; name = Accelerate.framework; path = System/Library/Frameworks/Accelerate.framework; sourceTree = SDKROOT; };
		00B784B00FF439BC000DE1D7 /* AudioToolbox.framework */ = {isa = PBXFileReference; lastKnownFileType = wrapper.framework; name = AudioToolbox.framework; path = System/Library/Frameworks/AudioToolbox.framework; sourceTree = SDKROOT; };
		00B784B10FF439BC000DE1D7 /* AudioUnit.framework */ = {isa = PBXFileReference; lastKnownFileType = wrapper.framework; name = AudioUnit.framework; path = System/Library/Frameworks/AudioUnit.framework; sourceTree = SDKROOT; };
		00B784B20FF439BC000DE1D7 /* CoreAudio.framework */ = {isa = PBXFileReference; lastKnownFileType = wrapper.framework; name = CoreAudio.framework; path = System/Library/Frameworks/CoreAudio.framework; sourceTree = SDKROOT; };
		00B995581B128DF400A5C623 /* IOKit.framework */ = {isa = PBXFileReference; lastKnownFileType = wrapper.framework; name = IOKit.framework; path = System/Library/Frameworks/IOKit.framework; sourceTree = SDKROOT; };
		00B995591B128DF400A5C623 /* IOSurface.framework */ = {isa = PBXFileReference; lastKnownFileType = wrapper.framework; name = IOSurface.framework; path = System/Library/Frameworks/IOSurface.framework; sourceTree = SDKROOT; };
		1058C7A1FEA54F0111CA2CBB /* Cocoa.framework */ = {isa = PBXFileReference; lastKnownFileType = wrapper.framework; name = Cocoa.framework; path = /System/Library/Frameworks/Cocoa.framework; sourceTree = "<absolute>"; };
		29B97324FDCFA39411CA2CEA /* AppKit.framework */ = {isa = PBXFileReference; lastKnownFileType = wrapper.framework; name = AppKit.framework; path = /System/Library/Frameworks/AppKit.framework; sourceTree = "<absolute>"; };
		29B97325FDCFA39411CA2CEA /* Foundation.framework */ = {isa = PBXFileReference; lastKnownFileType = wrapper.framework; name = Foundation.framework; path = /System/Library/Frameworks/Foundation.framework; sourceTree = "<absolute>"; };
		4F7771291B36956200FE5230 /* CounterScript1.lua */ = {isa = PBXFileReference; fileEncoding = 4; lastKnownFileType = text; path = CounterScript1.lua; sourceTree = "<group>"; };
		4F77712A1B36956200FE5230 /* CounterScript2.lua */ = {isa = PBXFileReference; fileEncoding = 4; lastKnownFileType = text; path = CounterScript2.lua; sourceTree = "<group>"; };
		4FDE8D0E1BAF0B3200A282E7 /* CinderGlmBindings.h */ = {isa = PBXFileReference; fileEncoding = 4; lastKnownFileType = sourcecode.c.h; name = CinderGlmBindings.h; path = ../../../include/CinderGlmBindings.h; sourceTree = "<group>"; };
		4FDE8D0F1BAF0B3200A282E7 /* CinderLuabind.cpp */ = {isa = PBXFileReference; fileEncoding = 4; lastKnownFileType = sourcecode.cpp.cpp; name = CinderLuabind.cpp; path = ../../../include/CinderLuabind.cpp; sourceTree = "<group>"; };
		4FDE8D101BAF0B3200A282E7 /* CinderLuabind.h */ = {isa = PBXFileReference; fileEncoding = 4; lastKnownFileType = sourcecode.c.h; name = CinderLuabind.h; path = ../../../include/CinderLuabind.h; sourceTree = "<group>"; };
		5323E6B10EAFCA74003A9687 /* CoreVideo.framework */ = {isa = PBXFileReference; lastKnownFileType = wrapper.framework; name = CoreVideo.framework; path = /System/Library/Frameworks/CoreVideo.framework; sourceTree = "<absolute>"; };
		8279CE5425E9461BB168DE50 /* ScriptApp.cpp */ = {isa = PBXFileReference; lastKnownFileType = sourcecode.c.cpp; name = ScriptApp.cpp; path = ../src/ScriptApp.cpp; sourceTree = "<group>"; tabWidth = 5; };
		8429C04C744F4579983838CE /* Info.plist */ = {isa = PBXFileReference; lastKnownFileType = text.plist.xml; path = Info.plist; sourceTree = "<group>"; };
		8D1107320486CEB800E47090 /* Script.app */ = {isa = PBXFileReference; explicitFileType = wrapper.application; includeInIndex = 0; path = Script.app; sourceTree = BUILT_PRODUCTS_DIR; };
		A2218FF4411B4DB6AA51CB52 /* Resources.h */ = {isa = PBXFileReference; lastKnownFileType = sourcecode.c.h; name = Resources.h; path = ../include/Resources.h; sourceTree = "<group>"; };
		A268E4601B459EA000D86A48 /* require_test.lua */ = {isa = PBXFileReference; fileEncoding = 4; lastKnownFileType = text; path = require_test.lua; sourceTree = "<group>"; };
		A2E1B2AA1B4DE2B500284023 /* lauxlib.h */ = {isa = PBXFileReference; fileEncoding = 4; lastKnownFileType = sourcecode.c.h; path = lauxlib.h; sourceTree = "<group>"; };
		A2E1B2AB1B4DE2B500284023 /* lua.h */ = {isa = PBXFileReference; fileEncoding = 4; lastKnownFileType = sourcecode.c.h; path = lua.h; sourceTree = "<group>"; };
		A2E1B2AC1B4DE2B500284023 /* lua.hpp */ = {isa = PBXFileReference; fileEncoding = 4; lastKnownFileType = sourcecode.cpp.h; path = lua.hpp; sourceTree = "<group>"; };
		A2E1B2AD1B4DE2B500284023 /* luaconf.h */ = {isa = PBXFileReference; fileEncoding = 4; lastKnownFileType = sourcecode.c.h; path = luaconf.h; sourceTree = "<group>"; };
		A2E1B2AE1B4DE2B500284023 /* lualib.h */ = {isa = PBXFileReference; fileEncoding = 4; lastKnownFileType = sourcecode.c.h; path = lualib.h; sourceTree = "<group>"; };
		A2E1B2B01B4DE2B500284023 /* adopt_policy.hpp */ = {isa = PBXFileReference; fileEncoding = 4; lastKnownFileType = sourcecode.cpp.h; path = adopt_policy.hpp; sourceTree = "<group>"; };
		A2E1B2B11B4DE2B500284023 /* back_reference.hpp */ = {isa = PBXFileReference; fileEncoding = 4; lastKnownFileType = sourcecode.cpp.h; path = back_reference.hpp; sourceTree = "<group>"; };
		A2E1B2B21B4DE2B500284023 /* back_reference_fwd.hpp */ = {isa = PBXFileReference; fileEncoding = 4; lastKnownFileType = sourcecode.cpp.h; path = back_reference_fwd.hpp; sourceTree = "<group>"; };
		A2E1B2B31B4DE2B500284023 /* class.hpp */ = {isa = PBXFileReference; fileEncoding = 4; lastKnownFileType = sourcecode.cpp.h; path = class.hpp; sourceTree = "<group>"; };
		A2E1B2B41B4DE2B500284023 /* class_info.hpp */ = {isa = PBXFileReference; fileEncoding = 4; lastKnownFileType = sourcecode.cpp.h; path = class_info.hpp; sourceTree = "<group>"; };
		A2E1B2B51B4DE2B500284023 /* config.hpp */ = {isa = PBXFileReference; fileEncoding = 4; lastKnownFileType = sourcecode.cpp.h; path = config.hpp; sourceTree = "<group>"; };
		A2E1B2B61B4DE2B500284023 /* container_policy.hpp */ = {isa = PBXFileReference; fileEncoding = 4; lastKnownFileType = sourcecode.cpp.h; path = container_policy.hpp; sourceTree = "<group>"; };
		A2E1B2B71B4DE2B500284023 /* copy_policy.hpp */ = {isa = PBXFileReference; fileEncoding = 4; lastKnownFileType = sourcecode.cpp.h; path = copy_policy.hpp; sourceTree = "<group>"; };
		A2E1B2B81B4DE2B500284023 /* dependency_policy.hpp */ = {isa = PBXFileReference; fileEncoding = 4; lastKnownFileType = sourcecode.cpp.h; path = dependency_policy.hpp; sourceTree = "<group>"; };
		A2E1B2BA1B4DE2B500284023 /* call.hpp */ = {isa = PBXFileReference; fileEncoding = 4; lastKnownFileType = sourcecode.cpp.h; path = call.hpp; sourceTree = "<group>"; };
		A2E1B2BB1B4DE2B500284023 /* call_function.hpp */ = {isa = PBXFileReference; fileEncoding = 4; lastKnownFileType = sourcecode.cpp.h; path = call_function.hpp; sourceTree = "<group>"; };
		A2E1B2BC1B4DE2B500284023 /* call_member.hpp */ = {isa = PBXFileReference; fileEncoding = 4; lastKnownFileType = sourcecode.cpp.h; path = call_member.hpp; sourceTree = "<group>"; };
		A2E1B2BD1B4DE2B500284023 /* call_operator_iterate.hpp */ = {isa = PBXFileReference; fileEncoding = 4; lastKnownFileType = sourcecode.cpp.h; path = call_operator_iterate.hpp; sourceTree = "<group>"; };
		A2E1B2BE1B4DE2B500284023 /* class_registry.hpp */ = {isa = PBXFileReference; fileEncoding = 4; lastKnownFileType = sourcecode.cpp.h; path = class_registry.hpp; sourceTree = "<group>"; };
		A2E1B2BF1B4DE2B500284023 /* class_rep.hpp */ = {isa = PBXFileReference; fileEncoding = 4; lastKnownFileType = sourcecode.cpp.h; path = class_rep.hpp; sourceTree = "<group>"; };
		A2E1B2C01B4DE2B500284023 /* constructor.hpp */ = {isa = PBXFileReference; fileEncoding = 4; lastKnownFileType = sourcecode.cpp.h; path = constructor.hpp; sourceTree = "<group>"; };
		A2E1B2C11B4DE2B500284023 /* conversion_storage.hpp */ = {isa = PBXFileReference; fileEncoding = 4; lastKnownFileType = sourcecode.cpp.h; path = conversion_storage.hpp; sourceTree = "<group>"; };
		A2E1B2C21B4DE2B500284023 /* convert_to_lua.hpp */ = {isa = PBXFileReference; fileEncoding = 4; lastKnownFileType = sourcecode.cpp.h; path = convert_to_lua.hpp; sourceTree = "<group>"; };
		A2E1B2C31B4DE2B500284023 /* debug.hpp */ = {isa = PBXFileReference; fileEncoding = 4; lastKnownFileType = sourcecode.cpp.h; path = debug.hpp; sourceTree = "<group>"; };
		A2E1B2C41B4DE2B500284023 /* decorate_type.hpp */ = {isa = PBXFileReference; fileEncoding = 4; lastKnownFileType = sourcecode.cpp.h; path = decorate_type.hpp; sourceTree = "<group>"; };
		A2E1B2C51B4DE2B500284023 /* deduce_signature.hpp */ = {isa = PBXFileReference; fileEncoding = 4; lastKnownFileType = sourcecode.cpp.h; path = deduce_signature.hpp; sourceTree = "<group>"; };
		A2E1B2C61B4DE2B500284023 /* enum_maker.hpp */ = {isa = PBXFileReference; fileEncoding = 4; lastKnownFileType = sourcecode.cpp.h; path = enum_maker.hpp; sourceTree = "<group>"; };
		A2E1B2C71B4DE2B500284023 /* format_signature.hpp */ = {isa = PBXFileReference; fileEncoding = 4; lastKnownFileType = sourcecode.cpp.h; path = format_signature.hpp; sourceTree = "<group>"; };
		A2E1B2C81B4DE2B500284023 /* garbage_collector.hpp */ = {isa = PBXFileReference; fileEncoding = 4; lastKnownFileType = sourcecode.cpp.h; path = garbage_collector.hpp; sourceTree = "<group>"; };
		A2E1B2C91B4DE2B500284023 /* has_get_pointer.hpp */ = {isa = PBXFileReference; fileEncoding = 4; lastKnownFileType = sourcecode.cpp.h; path = has_get_pointer.hpp; sourceTree = "<group>"; };
		A2E1B2CA1B4DE2B500284023 /* inheritance.hpp */ = {isa = PBXFileReference; fileEncoding = 4; lastKnownFileType = sourcecode.cpp.h; path = inheritance.hpp; sourceTree = "<group>"; };
		A2E1B2CB1B4DE2B500284023 /* instance_holder.hpp */ = {isa = PBXFileReference; fileEncoding = 4; lastKnownFileType = sourcecode.cpp.h; path = instance_holder.hpp; sourceTree = "<group>"; };
		A2E1B2CC1B4DE2B500284023 /* link_compatibility.hpp */ = {isa = PBXFileReference; fileEncoding = 4; lastKnownFileType = sourcecode.cpp.h; path = link_compatibility.hpp; sourceTree = "<group>"; };
		A2E1B2CD1B4DE2B500284023 /* make_instance.hpp */ = {isa = PBXFileReference; fileEncoding = 4; lastKnownFileType = sourcecode.cpp.h; path = make_instance.hpp; sourceTree = "<group>"; };
		A2E1B2CE1B4DE2B500284023 /* most_derived.hpp */ = {isa = PBXFileReference; fileEncoding = 4; lastKnownFileType = sourcecode.cpp.h; path = most_derived.hpp; sourceTree = "<group>"; };
		A2E1B2CF1B4DE2B500284023 /* object.hpp */ = {isa = PBXFileReference; fileEncoding = 4; lastKnownFileType = sourcecode.cpp.h; path = object.hpp; sourceTree = "<group>"; };
		A2E1B2D01B4DE2B500284023 /* object_call.hpp */ = {isa = PBXFileReference; fileEncoding = 4; lastKnownFileType = sourcecode.cpp.h; path = object_call.hpp; sourceTree = "<group>"; };
		A2E1B2D11B4DE2B500284023 /* object_rep.hpp */ = {isa = PBXFileReference; fileEncoding = 4; lastKnownFileType = sourcecode.cpp.h; path = object_rep.hpp; sourceTree = "<group>"; };
		A2E1B2D21B4DE2B500284023 /* open.hpp */ = {isa = PBXFileReference; fileEncoding = 4; lastKnownFileType = sourcecode.cpp.h; path = open.hpp; sourceTree = "<group>"; };
		A2E1B2D31B4DE2B500284023 /* operator_id.hpp */ = {isa = PBXFileReference; fileEncoding = 4; lastKnownFileType = sourcecode.cpp.h; path = operator_id.hpp; sourceTree = "<group>"; };
		A2E1B2D41B4DE2B500284023 /* other.hpp */ = {isa = PBXFileReference; fileEncoding = 4; lastKnownFileType = sourcecode.cpp.h; path = other.hpp; sourceTree = "<group>"; };
		A2E1B2D51B4DE2B500284023 /* pcall.hpp */ = {isa = PBXFileReference; fileEncoding = 4; lastKnownFileType = sourcecode.cpp.h; path = pcall.hpp; sourceTree = "<group>"; };
		A2E1B2D61B4DE2B500284023 /* pointee_sizeof.hpp */ = {isa = PBXFileReference; fileEncoding = 4; lastKnownFileType = sourcecode.cpp.h; path = pointee_sizeof.hpp; sourceTree = "<group>"; };
		A2E1B2D71B4DE2B500284023 /* pointee_typeid.hpp */ = {isa = PBXFileReference; fileEncoding = 4; lastKnownFileType = sourcecode.cpp.h; path = pointee_typeid.hpp; sourceTree = "<group>"; };
		A2E1B2D81B4DE2B500284023 /* policy.hpp */ = {isa = PBXFileReference; fileEncoding = 4; lastKnownFileType = sourcecode.cpp.h; path = policy.hpp; sourceTree = "<group>"; };
		A2E1B2D91B4DE2B500284023 /* primitives.hpp */ = {isa = PBXFileReference; fileEncoding = 4; lastKnownFileType = sourcecode.cpp.h; path = primitives.hpp; sourceTree = "<group>"; };
		A2E1B2DA1B4DE2B500284023 /* property.hpp */ = {isa = PBXFileReference; fileEncoding = 4; lastKnownFileType = sourcecode.cpp.h; path = property.hpp; sourceTree = "<group>"; };
		A2E1B2DB1B4DE2B500284023 /* ref.hpp */ = {isa = PBXFileReference; fileEncoding = 4; lastKnownFileType = sourcecode.cpp.h; path = ref.hpp; sourceTree = "<group>"; };
		A2E1B2DC1B4DE2B500284023 /* signature_match.hpp */ = {isa = PBXFileReference; fileEncoding = 4; lastKnownFileType = sourcecode.cpp.h; path = signature_match.hpp; sourceTree = "<group>"; };
		A2E1B2DD1B4DE2B500284023 /* stack_utils.hpp */ = {isa = PBXFileReference; fileEncoding = 4; lastKnownFileType = sourcecode.cpp.h; path = stack_utils.hpp; sourceTree = "<group>"; };
		A2E1B2DE1B4DE2B500284023 /* typetraits.hpp */ = {isa = PBXFileReference; fileEncoding = 4; lastKnownFileType = sourcecode.cpp.h; path = typetraits.hpp; sourceTree = "<group>"; };
		A2E1B2DF1B4DE2B500284023 /* yes_no.hpp */ = {isa = PBXFileReference; fileEncoding = 4; lastKnownFileType = sourcecode.cpp.h; path = yes_no.hpp; sourceTree = "<group>"; };
		A2E1B2E01B4DE2B500284023 /* discard_result_policy.hpp */ = {isa = PBXFileReference; fileEncoding = 4; lastKnownFileType = sourcecode.cpp.h; path = discard_result_policy.hpp; sourceTree = "<group>"; };
		A2E1B2E11B4DE2B500284023 /* error.hpp */ = {isa = PBXFileReference; fileEncoding = 4; lastKnownFileType = sourcecode.cpp.h; path = error.hpp; sourceTree = "<group>"; };
		A2E1B2E21B4DE2B500284023 /* error_callback_fun.hpp */ = {isa = PBXFileReference; fileEncoding = 4; lastKnownFileType = sourcecode.cpp.h; path = error_callback_fun.hpp; sourceTree = "<group>"; };
		A2E1B2E31B4DE2B500284023 /* exception_handler.hpp */ = {isa = PBXFileReference; fileEncoding = 4; lastKnownFileType = sourcecode.cpp.h; path = exception_handler.hpp; sourceTree = "<group>"; };
		A2E1B2E41B4DE2B500284023 /* from_stack.hpp */ = {isa = PBXFileReference; fileEncoding = 4; lastKnownFileType = sourcecode.cpp.h; path = from_stack.hpp; sourceTree = "<group>"; };
		A2E1B2E51B4DE2B500284023 /* function.hpp */ = {isa = PBXFileReference; fileEncoding = 4; lastKnownFileType = sourcecode.cpp.h; path = function.hpp; sourceTree = "<group>"; };
		A2E1B2E61B4DE2B500284023 /* function_introspection.hpp */ = {isa = PBXFileReference; fileEncoding = 4; lastKnownFileType = sourcecode.cpp.h; path = function_introspection.hpp; sourceTree = "<group>"; };
		A2E1B2E71B4DE2B500284023 /* get_main_thread.hpp */ = {isa = PBXFileReference; fileEncoding = 4; lastKnownFileType = sourcecode.cpp.h; path = get_main_thread.hpp; sourceTree = "<group>"; };
		A2E1B2E81B4DE2B500284023 /* get_pointer.hpp */ = {isa = PBXFileReference; fileEncoding = 4; lastKnownFileType = sourcecode.cpp.h; path = get_pointer.hpp; sourceTree = "<group>"; };
		A2E1B2E91B4DE2B500284023 /* handle.hpp */ = {isa = PBXFileReference; fileEncoding = 4; lastKnownFileType = sourcecode.cpp.h; path = handle.hpp; sourceTree = "<group>"; };
		A2E1B2EA1B4DE2B500284023 /* iterator_policy.hpp */ = {isa = PBXFileReference; fileEncoding = 4; lastKnownFileType = sourcecode.cpp.h; path = iterator_policy.hpp; sourceTree = "<group>"; };
		A2E1B2EB1B4DE2B500284023 /* lua_include.hpp */ = {isa = PBXFileReference; fileEncoding = 4; lastKnownFileType = sourcecode.cpp.h; path = lua_include.hpp; sourceTree = "<group>"; };
		A2E1B2EC1B4DE2B500284023 /* lua_state_fwd.hpp */ = {isa = PBXFileReference; fileEncoding = 4; lastKnownFileType = sourcecode.cpp.h; path = lua_state_fwd.hpp; sourceTree = "<group>"; };
		A2E1B2ED1B4DE2B500284023 /* luabind.hpp */ = {isa = PBXFileReference; fileEncoding = 4; lastKnownFileType = sourcecode.cpp.h; path = luabind.hpp; sourceTree = "<group>"; };
		A2E1B2EE1B4DE2B500284023 /* make_function.hpp */ = {isa = PBXFileReference; fileEncoding = 4; lastKnownFileType = sourcecode.cpp.h; path = make_function.hpp; sourceTree = "<group>"; };
		A2E1B2EF1B4DE2B500284023 /* nil.hpp */ = {isa = PBXFileReference; fileEncoding = 4; lastKnownFileType = sourcecode.cpp.h; path = nil.hpp; sourceTree = "<group>"; };
		A2E1B2F01B4DE2B500284023 /* no_dependency.hpp */ = {isa = PBXFileReference; fileEncoding = 4; lastKnownFileType = sourcecode.cpp.h; path = no_dependency.hpp; sourceTree = "<group>"; };
		A2E1B2F11B4DE2B500284023 /* object.hpp */ = {isa = PBXFileReference; fileEncoding = 4; lastKnownFileType = sourcecode.cpp.h; path = object.hpp; sourceTree = "<group>"; };
		A2E1B2F21B4DE2B500284023 /* open.hpp */ = {isa = PBXFileReference; fileEncoding = 4; lastKnownFileType = sourcecode.cpp.h; path = open.hpp; sourceTree = "<group>"; };
		A2E1B2F31B4DE2B500284023 /* operator.hpp */ = {isa = PBXFileReference; fileEncoding = 4; lastKnownFileType = sourcecode.cpp.h; path = operator.hpp; sourceTree = "<group>"; };
		A2E1B2F41B4DE2B500284023 /* out_value_policy.hpp */ = {isa = PBXFileReference; fileEncoding = 4; lastKnownFileType = sourcecode.cpp.h; path = out_value_policy.hpp; sourceTree = "<group>"; };
		A2E1B2F51B4DE2B500284023 /* prefix.hpp */ = {isa = PBXFileReference; fileEncoding = 4; lastKnownFileType = sourcecode.cpp.h; path = prefix.hpp; sourceTree = "<group>"; };
		A2E1B2F61B4DE2B500284023 /* raw_policy.hpp */ = {isa = PBXFileReference; fileEncoding = 4; lastKnownFileType = sourcecode.cpp.h; path = raw_policy.hpp; sourceTree = "<group>"; };
		A2E1B2F71B4DE2B500284023 /* return_reference_to_policy.hpp */ = {isa = PBXFileReference; fileEncoding = 4; lastKnownFileType = sourcecode.cpp.h; path = return_reference_to_policy.hpp; sourceTree = "<group>"; };
		A2E1B2F81B4DE2B500284023 /* scope.hpp */ = {isa = PBXFileReference; fileEncoding = 4; lastKnownFileType = sourcecode.cpp.h; path = scope.hpp; sourceTree = "<group>"; };
		A2E1B2F91B4DE2B500284023 /* set_package_preload.hpp */ = {isa = PBXFileReference; fileEncoding = 4; lastKnownFileType = sourcecode.cpp.h; path = set_package_preload.hpp; sourceTree = "<group>"; };
		A2E1B2FA1B4DE2B500284023 /* shared_ptr_converter.hpp */ = {isa = PBXFileReference; fileEncoding = 4; lastKnownFileType = sourcecode.cpp.h; path = shared_ptr_converter.hpp; sourceTree = "<group>"; };
		A2E1B2FB1B4DE2B500284023 /* std_shared_ptr_converter.hpp */ = {isa = PBXFileReference; fileEncoding = 4; lastKnownFileType = sourcecode.cpp.h; path = std_shared_ptr_converter.hpp; sourceTree = "<group>"; };
		A2E1B2FC1B4DE2B500284023 /* tag_function.hpp */ = {isa = PBXFileReference; fileEncoding = 4; lastKnownFileType = sourcecode.cpp.h; path = tag_function.hpp; sourceTree = "<group>"; };
		A2E1B2FD1B4DE2B500284023 /* typeid.hpp */ = {isa = PBXFileReference; fileEncoding = 4; lastKnownFileType = sourcecode.cpp.h; path = typeid.hpp; sourceTree = "<group>"; };
		A2E1B2FE1B4DE2B500284023 /* value_wrapper.hpp */ = {isa = PBXFileReference; fileEncoding = 4; lastKnownFileType = sourcecode.cpp.h; path = value_wrapper.hpp; sourceTree = "<group>"; };
		A2E1B2FF1B4DE2B500284023 /* version.hpp */ = {isa = PBXFileReference; fileEncoding = 4; lastKnownFileType = sourcecode.cpp.h; path = version.hpp; sourceTree = "<group>"; };
		A2E1B3001B4DE2B500284023 /* weak_ref.hpp */ = {isa = PBXFileReference; fileEncoding = 4; lastKnownFileType = sourcecode.cpp.h; path = weak_ref.hpp; sourceTree = "<group>"; };
		A2E1B3011B4DE2B500284023 /* wrapper_base.hpp */ = {isa = PBXFileReference; fileEncoding = 4; lastKnownFileType = sourcecode.cpp.h; path = wrapper_base.hpp; sourceTree = "<group>"; };
		A2E1B3021B4DE2B500284023 /* yield_policy.hpp */ = {isa = PBXFileReference; fileEncoding = 4; lastKnownFileType = sourcecode.cpp.h; path = yield_policy.hpp; sourceTree = "<group>"; };
		C4BBB1BDA28043DB8A0B974F /* Script_Prefix.pch */ = {isa = PBXFileReference; lastKnownFileType = "\"\""; path = Script_Prefix.pch; sourceTree = "<group>"; };
		D5A375E9797C42BFB8D3CD2A /* CinderApp.icns */ = {isa = PBXFileReference; lastKnownFileType = image.icns; name = CinderApp.icns; path = ../resources/CinderApp.icns; sourceTree = "<group>"; };
/* End PBXFileReference section */

/* Begin PBXFrameworksBuildPhase section */
		8D11072E0486CEB800E47090 /* Frameworks */ = {
			isa = PBXFrameworksBuildPhase;
			buildActionMask = 2147483647;
			files = (
				006D720419952D00008149E2 /* AVFoundation.framework in Frameworks */,
				006D720519952D00008149E2 /* CoreMedia.framework in Frameworks */,
				8D11072F0486CEB800E47090 /* Cocoa.framework in Frameworks */,
				0091D8F90E81B9330029341E /* OpenGL.framework in Frameworks */,
				5323E6B20EAFCA74003A9687 /* CoreVideo.framework in Frameworks */,
				00B784B30FF439BC000DE1D7 /* Accelerate.framework in Frameworks */,
				00B784B40FF439BC000DE1D7 /* AudioToolbox.framework in Frameworks */,
				00B784B50FF439BC000DE1D7 /* AudioUnit.framework in Frameworks */,
				00B784B60FF439BC000DE1D7 /* CoreAudio.framework in Frameworks */,
				00B9955A1B128DF400A5C623 /* IOKit.framework in Frameworks */,
				00B9955B1B128DF400A5C623 /* IOSurface.framework in Frameworks */,
			);
			runOnlyForDeploymentPostprocessing = 0;
		};
/* End PBXFrameworksBuildPhase section */

/* Begin PBXGroup section */
		01B97315FEAEA392516A2CEA /* Blocks */ = {
			isa = PBXGroup;
			children = (
				F96F416DC13B445C9FDA8EDB /* luabind */,
			);
			name = Blocks;
			sourceTree = "<group>";
		};
		080E96DDFE201D6D7F000001 /* Source */ = {
			isa = PBXGroup;
			children = (
				8279CE5425E9461BB168DE50 /* ScriptApp.cpp */,
			);
			name = Source;
			sourceTree = "<group>";
		};
		1058C7A0FEA54F0111CA2CBB /* Linked Frameworks */ = {
			isa = PBXGroup;
			children = (
				006D720219952D00008149E2 /* AVFoundation.framework */,
				006D720319952D00008149E2 /* CoreMedia.framework */,
				00B784AF0FF439BC000DE1D7 /* Accelerate.framework */,
				00B784B00FF439BC000DE1D7 /* AudioToolbox.framework */,
				00B784B10FF439BC000DE1D7 /* AudioUnit.framework */,
				00B784B20FF439BC000DE1D7 /* CoreAudio.framework */,
				5323E6B10EAFCA74003A9687 /* CoreVideo.framework */,
				0091D8F80E81B9330029341E /* OpenGL.framework */,
				1058C7A1FEA54F0111CA2CBB /* Cocoa.framework */,
				00B995581B128DF400A5C623 /* IOKit.framework */,
				00B995591B128DF400A5C623 /* IOSurface.framework */,
			);
			name = "Linked Frameworks";
			sourceTree = "<group>";
		};
		1058C7A2FEA54F0111CA2CBB /* Other Frameworks */ = {
			isa = PBXGroup;
			children = (
				29B97324FDCFA39411CA2CEA /* AppKit.framework */,
				29B97325FDCFA39411CA2CEA /* Foundation.framework */,
			);
			name = "Other Frameworks";
			sourceTree = "<group>";
		};
		19C28FACFE9D520D11CA2CBB /* Products */ = {
			isa = PBXGroup;
			children = (
				8D1107320486CEB800E47090 /* Script.app */,
			);
			name = Products;
			sourceTree = "<group>";
		};
		29B97314FDCFA39411CA2CEA /* Script */ = {
			isa = PBXGroup;
			children = (
				4F7771281B36956200FE5230 /* assets */,
				01B97315FEAEA392516A2CEA /* Blocks */,
				29B97315FDCFA39411CA2CEA /* Headers */,
				080E96DDFE201D6D7F000001 /* Source */,
				29B97317FDCFA39411CA2CEA /* Resources */,
				29B97323FDCFA39411CA2CEA /* Frameworks */,
				19C28FACFE9D520D11CA2CBB /* Products */,
			);
			name = Script;
			sourceTree = "<group>";
		};
		29B97315FDCFA39411CA2CEA /* Headers */ = {
			isa = PBXGroup;
			children = (
				A2218FF4411B4DB6AA51CB52 /* Resources.h */,
				C4BBB1BDA28043DB8A0B974F /* Script_Prefix.pch */,
			);
			name = Headers;
			sourceTree = "<group>";
		};
		29B97317FDCFA39411CA2CEA /* Resources */ = {
			isa = PBXGroup;
			children = (
				D5A375E9797C42BFB8D3CD2A /* CinderApp.icns */,
				8429C04C744F4579983838CE /* Info.plist */,
			);
			name = Resources;
			sourceTree = "<group>";
		};
		29B97323FDCFA39411CA2CEA /* Frameworks */ = {
			isa = PBXGroup;
			children = (
				1058C7A0FEA54F0111CA2CBB /* Linked Frameworks */,
				1058C7A2FEA54F0111CA2CBB /* Other Frameworks */,
			);
			name = Frameworks;
			sourceTree = "<group>";
		};
		3869049E31B641FA86B4A1CB /* include */ = {
			isa = PBXGroup;
			children = (
				4FDE8D0E1BAF0B3200A282E7 /* CinderGlmBindings.h */,
				4FDE8D0F1BAF0B3200A282E7 /* CinderLuabind.cpp */,
				4FDE8D101BAF0B3200A282E7 /* CinderLuabind.h */,
				A2E1B2A91B4DE2B500284023 /* lua */,
				A2E1B2AF1B4DE2B500284023 /* luabind */,
			);
			name = include;
			sourceTree = "<group>";
		};
		4F7771281B36956200FE5230 /* assets */ = {
			isa = PBXGroup;
			children = (
				A268E45F1B459EA000D86A48 /* subdir */,
				4F7771291B36956200FE5230 /* CounterScript1.lua */,
				4F77712A1B36956200FE5230 /* CounterScript2.lua */,
			);
			name = assets;
			path = ../assets;
			sourceTree = "<group>";
		};
		A268E45F1B459EA000D86A48 /* subdir */ = {
			isa = PBXGroup;
			children = (
				A268E4601B459EA000D86A48 /* require_test.lua */,
			);
			path = subdir;
			sourceTree = "<group>";
		};
		A2E1B2A91B4DE2B500284023 /* lua */ = {
			isa = PBXGroup;
			children = (
				A2E1B2AA1B4DE2B500284023 /* lauxlib.h */,
				A2E1B2AB1B4DE2B500284023 /* lua.h */,
				A2E1B2AC1B4DE2B500284023 /* lua.hpp */,
				A2E1B2AD1B4DE2B500284023 /* luaconf.h */,
				A2E1B2AE1B4DE2B500284023 /* lualib.h */,
			);
			name = lua;
			path = ../../../include/lua;
			sourceTree = "<group>";
		};
		A2E1B2AF1B4DE2B500284023 /* luabind */ = {
			isa = PBXGroup;
			children = (
				A2E1B2B01B4DE2B500284023 /* adopt_policy.hpp */,
				A2E1B2B11B4DE2B500284023 /* back_reference.hpp */,
				A2E1B2B21B4DE2B500284023 /* back_reference_fwd.hpp */,
				A2E1B2B31B4DE2B500284023 /* class.hpp */,
				A2E1B2B41B4DE2B500284023 /* class_info.hpp */,
				A2E1B2B51B4DE2B500284023 /* config.hpp */,
				A2E1B2B61B4DE2B500284023 /* container_policy.hpp */,
				A2E1B2B71B4DE2B500284023 /* copy_policy.hpp */,
				A2E1B2B81B4DE2B500284023 /* dependency_policy.hpp */,
				A2E1B2B91B4DE2B500284023 /* detail */,
				A2E1B2E01B4DE2B500284023 /* discard_result_policy.hpp */,
				A2E1B2E11B4DE2B500284023 /* error.hpp */,
				A2E1B2E21B4DE2B500284023 /* error_callback_fun.hpp */,
				A2E1B2E31B4DE2B500284023 /* exception_handler.hpp */,
				A2E1B2E41B4DE2B500284023 /* from_stack.hpp */,
				A2E1B2E51B4DE2B500284023 /* function.hpp */,
				A2E1B2E61B4DE2B500284023 /* function_introspection.hpp */,
				A2E1B2E71B4DE2B500284023 /* get_main_thread.hpp */,
				A2E1B2E81B4DE2B500284023 /* get_pointer.hpp */,
				A2E1B2E91B4DE2B500284023 /* handle.hpp */,
				A2E1B2EA1B4DE2B500284023 /* iterator_policy.hpp */,
				A2E1B2EB1B4DE2B500284023 /* lua_include.hpp */,
				A2E1B2EC1B4DE2B500284023 /* lua_state_fwd.hpp */,
				A2E1B2ED1B4DE2B500284023 /* luabind.hpp */,
				A2E1B2EE1B4DE2B500284023 /* make_function.hpp */,
				A2E1B2EF1B4DE2B500284023 /* nil.hpp */,
				A2E1B2F01B4DE2B500284023 /* no_dependency.hpp */,
				A2E1B2F11B4DE2B500284023 /* object.hpp */,
				A2E1B2F21B4DE2B500284023 /* open.hpp */,
				A2E1B2F31B4DE2B500284023 /* operator.hpp */,
				A2E1B2F41B4DE2B500284023 /* out_value_policy.hpp */,
				A2E1B2F51B4DE2B500284023 /* prefix.hpp */,
				A2E1B2F61B4DE2B500284023 /* raw_policy.hpp */,
				A2E1B2F71B4DE2B500284023 /* return_reference_to_policy.hpp */,
				A2E1B2F81B4DE2B500284023 /* scope.hpp */,
				A2E1B2F91B4DE2B500284023 /* set_package_preload.hpp */,
				A2E1B2FA1B4DE2B500284023 /* shared_ptr_converter.hpp */,
				A2E1B2FB1B4DE2B500284023 /* std_shared_ptr_converter.hpp */,
				A2E1B2FC1B4DE2B500284023 /* tag_function.hpp */,
				A2E1B2FD1B4DE2B500284023 /* typeid.hpp */,
				A2E1B2FE1B4DE2B500284023 /* value_wrapper.hpp */,
				A2E1B2FF1B4DE2B500284023 /* version.hpp */,
				A2E1B3001B4DE2B500284023 /* weak_ref.hpp */,
				A2E1B3011B4DE2B500284023 /* wrapper_base.hpp */,
				A2E1B3021B4DE2B500284023 /* yield_policy.hpp */,
			);
			name = luabind;
			path = ../../../include/luabind;
			sourceTree = "<group>";
		};
		A2E1B2B91B4DE2B500284023 /* detail */ = {
			isa = PBXGroup;
			children = (
				A2E1B2BA1B4DE2B500284023 /* call.hpp */,
				A2E1B2BB1B4DE2B500284023 /* call_function.hpp */,
				A2E1B2BC1B4DE2B500284023 /* call_member.hpp */,
				A2E1B2BD1B4DE2B500284023 /* call_operator_iterate.hpp */,
				A2E1B2BE1B4DE2B500284023 /* class_registry.hpp */,
				A2E1B2BF1B4DE2B500284023 /* class_rep.hpp */,
				A2E1B2C01B4DE2B500284023 /* constructor.hpp */,
				A2E1B2C11B4DE2B500284023 /* conversion_storage.hpp */,
				A2E1B2C21B4DE2B500284023 /* convert_to_lua.hpp */,
				A2E1B2C31B4DE2B500284023 /* debug.hpp */,
				A2E1B2C41B4DE2B500284023 /* decorate_type.hpp */,
				A2E1B2C51B4DE2B500284023 /* deduce_signature.hpp */,
				A2E1B2C61B4DE2B500284023 /* enum_maker.hpp */,
				A2E1B2C71B4DE2B500284023 /* format_signature.hpp */,
				A2E1B2C81B4DE2B500284023 /* garbage_collector.hpp */,
				A2E1B2C91B4DE2B500284023 /* has_get_pointer.hpp */,
				A2E1B2CA1B4DE2B500284023 /* inheritance.hpp */,
				A2E1B2CB1B4DE2B500284023 /* instance_holder.hpp */,
				A2E1B2CC1B4DE2B500284023 /* link_compatibility.hpp */,
				A2E1B2CD1B4DE2B500284023 /* make_instance.hpp */,
				A2E1B2CE1B4DE2B500284023 /* most_derived.hpp */,
				A2E1B2CF1B4DE2B500284023 /* object.hpp */,
				A2E1B2D01B4DE2B500284023 /* object_call.hpp */,
				A2E1B2D11B4DE2B500284023 /* object_rep.hpp */,
				A2E1B2D21B4DE2B500284023 /* open.hpp */,
				A2E1B2D31B4DE2B500284023 /* operator_id.hpp */,
				A2E1B2D41B4DE2B500284023 /* other.hpp */,
				A2E1B2D51B4DE2B500284023 /* pcall.hpp */,
				A2E1B2D61B4DE2B500284023 /* pointee_sizeof.hpp */,
				A2E1B2D71B4DE2B500284023 /* pointee_typeid.hpp */,
				A2E1B2D81B4DE2B500284023 /* policy.hpp */,
				A2E1B2D91B4DE2B500284023 /* primitives.hpp */,
				A2E1B2DA1B4DE2B500284023 /* property.hpp */,
				A2E1B2DB1B4DE2B500284023 /* ref.hpp */,
				A2E1B2DC1B4DE2B500284023 /* signature_match.hpp */,
				A2E1B2DD1B4DE2B500284023 /* stack_utils.hpp */,
				A2E1B2DE1B4DE2B500284023 /* typetraits.hpp */,
				A2E1B2DF1B4DE2B500284023 /* yes_no.hpp */,
			);
			path = detail;
			sourceTree = "<group>";
		};
		F96F416DC13B445C9FDA8EDB /* luabind */ = {
			isa = PBXGroup;
			children = (
				3869049E31B641FA86B4A1CB /* include */,
			);
			name = luabind;
			sourceTree = "<group>";
		};
/* End PBXGroup section */

/* Begin PBXNativeTarget section */
		8D1107260486CEB800E47090 /* Script */ = {
			isa = PBXNativeTarget;
			buildConfigurationList = C01FCF4A08A954540054247B /* Build configuration list for PBXNativeTarget "Script" */;
			buildPhases = (
				8D1107290486CEB800E47090 /* Resources */,
				8D11072C0486CEB800E47090 /* Sources */,
				8D11072E0486CEB800E47090 /* Frameworks */,
			);
			buildRules = (
			);
			dependencies = (
			);
			name = Script;
			productInstallPath = "$(HOME)/Applications";
			productName = Script;
			productReference = 8D1107320486CEB800E47090 /* Script.app */;
			productType = "com.apple.product-type.application";
		};
/* End PBXNativeTarget section */

/* Begin PBXProject section */
		29B97313FDCFA39411CA2CEA /* Project object */ = {
			isa = PBXProject;
			attributes = {
			};
			buildConfigurationList = C01FCF4E08A954540054247B /* Build configuration list for PBXProject "Script" */;
			compatibilityVersion = "Xcode 3.2";
			developmentRegion = English;
			hasScannedForEncodings = 1;
			knownRegions = (
				English,
				Japanese,
				French,
				German,
			);
			mainGroup = 29B97314FDCFA39411CA2CEA /* Script */;
			projectDirPath = "";
			projectRoot = "";
			targets = (
				8D1107260486CEB800E47090 /* Script */,
			);
		};
/* End PBXProject section */

/* Begin PBXResourcesBuildPhase section */
		8D1107290486CEB800E47090 /* Resources */ = {
			isa = PBXResourcesBuildPhase;
			buildActionMask = 2147483647;
			files = (
				4F77712B1B36956200FE5230 /* CounterScript1.lua in Resources */,
				DA8415B9D5F84AA2834833F6 /* CinderApp.icns in Resources */,
				A268E4611B459EA000D86A48 /* require_test.lua in Resources */,
				4F77712C1B36956200FE5230 /* CounterScript2.lua in Resources */,
			);
			runOnlyForDeploymentPostprocessing = 0;
		};
/* End PBXResourcesBuildPhase section */

/* Begin PBXSourcesBuildPhase section */
		8D11072C0486CEB800E47090 /* Sources */ = {
			isa = PBXSourcesBuildPhase;
			buildActionMask = 2147483647;
			files = (
				4FDE8D111BAF0B3200A282E7 /* CinderLuabind.cpp in Sources */,
				95A3278B527D463D9601C51C /* ScriptApp.cpp in Sources */,
			);
			runOnlyForDeploymentPostprocessing = 0;
		};
/* End PBXSourcesBuildPhase section */

/* Begin XCBuildConfiguration section */
		C01FCF4B08A954540054247B /* Debug */ = {
			isa = XCBuildConfiguration;
			buildSettings = {
				ALWAYS_SEARCH_USER_PATHS = YES;
				COMBINE_HIDPI_IMAGES = YES;
				COPY_PHASE_STRIP = NO;
				DEAD_CODE_STRIPPING = YES;
				GCC_DYNAMIC_NO_PIC = NO;
				GCC_INLINES_ARE_PRIVATE_EXTERN = YES;
				GCC_OPTIMIZATION_LEVEL = 0;
				GCC_PRECOMPILE_PREFIX_HEADER = YES;
				GCC_PREFIX_HEADER = Script_Prefix.pch;
				GCC_PREPROCESSOR_DEFINITIONS = (
					"DEBUG=1",
					"$(inherited)",
				);
				GCC_SYMBOLS_PRIVATE_EXTERN = NO;
				HEADER_SEARCH_PATHS = (
					"\"$(CINDER_PATH)/include\"",
					"\"$(CINDER_PATH)/blocks/Luabind/include/luabind\"",
					"\"$(CINDER_PATH)/blocks/Luabind/include/luabind/detail\"",
				);
				INFOPLIST_FILE = Info.plist;
				INSTALL_PATH = "$(HOME)/Applications";
				OTHER_LDFLAGS = (
					"\"$(CINDER_PATH)/lib/libcinder_d.a\"",
					../../../lib/lua/macosx/liblua.a,
					../../../lib/luabind/macosx/x86_64/debug/libluabindd.a,
				);
				PRODUCT_NAME = Script;
				SYMROOT = ./build;
				WRAPPER_EXTENSION = app;
			};
			name = Debug;
		};
		C01FCF4C08A954540054247B /* Release */ = {
			isa = XCBuildConfiguration;
			buildSettings = {
				ALWAYS_SEARCH_USER_PATHS = YES;
				COMBINE_HIDPI_IMAGES = YES;
				DEAD_CODE_STRIPPING = YES;
				DEBUG_INFORMATION_FORMAT = "dwarf-with-dsym";
				GCC_FAST_MATH = YES;
				GCC_GENERATE_DEBUGGING_SYMBOLS = NO;
				GCC_INLINES_ARE_PRIVATE_EXTERN = YES;
				GCC_OPTIMIZATION_LEVEL = 3;
				GCC_PRECOMPILE_PREFIX_HEADER = YES;
				GCC_PREFIX_HEADER = Script_Prefix.pch;
				GCC_PREPROCESSOR_DEFINITIONS = (
					"NDEBUG=1",
					"$(inherited)",
				);
				GCC_SYMBOLS_PRIVATE_EXTERN = NO;
				HEADER_SEARCH_PATHS = (
					"\"$(CINDER_PATH)/include\"",
					"\"$(CINDER_PATH)/blocks/Luabind/include/luabind\"",
					"\"$(CINDER_PATH)/blocks/Luabind/include/luabind/detail\"",
				);
				INFOPLIST_FILE = Info.plist;
				INSTALL_PATH = "$(HOME)/Applications";
				OTHER_LDFLAGS = (
					"\"$(CINDER_PATH)/lib/libcinder.a\"",
					../../../lib/lua/macosx/liblua.a,
					../../../lib/luabind/macosx/x86_64/release/libluabind.a,
				);
				PRODUCT_NAME = Script;
				STRIP_INSTALLED_PRODUCT = YES;
				SYMROOT = ./build;
				WRAPPER_EXTENSION = app;
			};
			name = Release;
		};
		C01FCF4F08A954540054247B /* Debug */ = {
			isa = XCBuildConfiguration;
			buildSettings = {
				ALWAYS_SEARCH_USER_PATHS = NO;
				ARCHS = x86_64;
				CINDER_PATH = ../../../../..;
				CLANG_CXX_LANGUAGE_STANDARD = "c++0x";
				CLANG_CXX_LIBRARY = "libc++";
				GCC_WARN_ABOUT_RETURN_TYPE = YES;
				GCC_WARN_UNUSED_VARIABLE = YES;
				HEADER_SEARCH_PATHS = "\"$(CINDER_PATH)/include\"";
				MACOSX_DEPLOYMENT_TARGET = 10.8;
				SDKROOT = macosx;
				USER_HEADER_SEARCH_PATHS = "\"$(CINDER_PATH)/include\" ../include ../../../include ../../../include/luabind ../../../include/luabind/detail ../../../include/lua";
			};
			name = Debug;
		};
		C01FCF5008A954540054247B /* Release */ = {
			isa = XCBuildConfiguration;
			buildSettings = {
				ALWAYS_SEARCH_USER_PATHS = NO;
				ARCHS = x86_64;
				CINDER_PATH = ../../../../..;
				CLANG_CXX_LANGUAGE_STANDARD = "c++0x";
				CLANG_CXX_LIBRARY = "libc++";
				GCC_WARN_ABOUT_RETURN_TYPE = YES;
				GCC_WARN_UNUSED_VARIABLE = YES;
				HEADER_SEARCH_PATHS = "\"$(CINDER_PATH)/include\"";
				MACOSX_DEPLOYMENT_TARGET = 10.8;
				SDKROOT = macosx;
				USER_HEADER_SEARCH_PATHS = "\"$(CINDER_PATH)/include\" ../include ../../../include ../../../include/luabind ../../../include/luabind/detail ../../../include/lua";
			};
			name = Release;
		};
/* End XCBuildConfiguration section */

/* Begin XCConfigurationList section */
		C01FCF4A08A954540054247B /* Build configuration list for PBXNativeTarget "Script" */ = {
			isa = XCConfigurationList;
			buildConfigurations = (
				C01FCF4B08A954540054247B /* Debug */,
				C01FCF4C08A954540054247B /* Release */,
			);
			defaultConfigurationIsVisible = 0;
			defaultConfigurationName = Release;
		};
		C01FCF4E08A954540054247B /* Build configuration list for PBXProject "Script" */ = {
			isa = XCConfigurationList;
			buildConfigurations = (
				C01FCF4F08A954540054247B /* Debug */,
				C01FCF5008A954540054247B /* Release */,
			);
			defaultConfigurationIsVisible = 0;
			defaultConfigurationName = Release;
		};
/* End XCConfigurationList section */
	};
	rootObject = 29B97313FDCFA39411CA2CEA /* Project object */;
}
